
Microsoft Visual Studio Solution File, Format Version 12.00
# Visual Studio 15
VisualStudioVersion = 15.0.28307.1401
MinimumVisualStudioVersion = 10.0.40219.1
Project("{FAE04EC0-301F-11D3-BF4B-00C04F79EFBC}") = "Observer", "Observer\Observer.csproj", "{CA42242F-3EC9-49B1-84D9-E08008E83DE2}"
EndProject
Global
	GlobalSection(SolutionConfigurationPlatforms) = preSolution
		Debug|Any CPU = Debug|Any CPU
		Release|Any CPU = Release|Any CPU
	EndGlobalSection
	GlobalSection(ProjectConfigurationPlatforms) = postSolution
		{CA42242F-3EC9-49B1-84D9-E08008E83DE2}.Debug|Any CPU.ActiveCfg = Debug|Any CPU
		{CA42242F-3EC9-49B1-84D9-E08008E83DE2}.Debug|Any CPU.Build.0 = Debug|Any CPU
		{CA42242F-3EC9-49B1-84D9-E08008E83DE2}.Release|Any CPU.ActiveCfg = Release|Any CPU
		{CA42242F-3EC9-49B1-84D9-E08008E83DE2}.Release|Any CPU.Build.0 = Release|Any CPU
	EndGlobalSection
	GlobalSection(SolutionProperties) = preSolution
		HideSolutionNode = FALSE
	EndGlobalSection
	GlobalSection(ExtensibilityGlobals) = postSolution
		SolutionGuid = {A437E6E6-467C-4720-A122-6E890C44DA40}
	EndGlobalSection
EndGlobal
